<?xml version="1.0" encoding="utf-8"?>
<Project ToolsVersion="4.0" xmlns="http://schemas.microsoft.com/developer/msbuild/2003">
  <ItemGroup>
    <Filter Include="Generated Files">
      <UniqueIdentifier>{71ED8ED8-ACB9-4CE9-BBE1-E00B30144E11}</UniqueIdentifier>
      <Extensions>cpp;c;cxx;moc;h;def;odl;idl;res;</Extensions>
    </Filter>
    <Filter Include="Generated Files">
      <UniqueIdentifier>{71ED8ED8-ACB9-4CE9-BBE1-E00B30144E11}</UniqueIdentifier>
      <Extensions>cpp;c;cxx;moc;h;def;odl;idl;res;</Extensions>
    </Filter>
    <Filter Include="Header Files">
      <UniqueIdentifier>{93995380-89BD-4b04-88EB-625FBE52EBFB}</UniqueIdentifier>
      <Extensions>h;hpp;hxx;hm;inl;inc;xsd</Extensions>
    </Filter>
    <Filter Include="Header Files">
      <UniqueIdentifier>{93995380-89BD-4b04-88EB-625FBE52EBFB}</UniqueIdentifier>
      <Extensions>h;hpp;hxx;hm;inl;inc;xsd</Extensions>
    </Filter>
    <Filter Include="Source Files">
      <UniqueIdentifier>{4FC737F1-C7A5-4376-A066-2A32D752A2FF}</UniqueIdentifier>
      <Extensions>cpp;c;cxx;def;odl;idl;hpj;bat;asm;asmx</Extensions>
    </Filter>
    <Filter Include="Source Files">
      <UniqueIdentifier>{4FC737F1-C7A5-4376-A066-2A32D752A2FF}</UniqueIdentifier>
      <Extensions>cpp;c;cxx;def;odl;idl;hpj;bat;asm;asmx</Extensions>
    </Filter>
    <Filter Include="Generated Files\Debug">
      <UniqueIdentifier>{db899b8a-b680-4280-bf1a-bac18ab74b6e}</UniqueIdentifier>
      <Extensions>cpp;moc</Extensions>
      <SourceControlFiles>False</SourceControlFiles>
    </Filter>
    <Filter Include="Generated Files\Release">
      <UniqueIdentifier>{08a1671b-8197-468f-ae9c-cbda3defbb13}</UniqueIdentifier>
      <Extensions>cpp;moc</Extensions>
      <SourceControlFiles>False</SourceControlFiles>
    </Filter>
    <Filter Include="MOD Files">
      <UniqueIdentifier>{520616d0-ded5-4716-b5e8-1277d013210c}</UniqueIdentifier>
    </Filter>
    <Filter Include="Python Files">
      <UniqueIdentifier>{f0177231-7b20-44df-8777-2669001c0f4d}</UniqueIdentifier>
    </Filter>
    <Filter Include="RES Files">
      <UniqueIdentifier>{94a23fb4-94ad-494a-a930-c87cff182ebb}</UniqueIdentifier>
    </Filter>
    <Filter Include="Resource Files">
      <UniqueIdentifier>{D9D6E242-F8AF-46E4-B9FD-80ECBC20BA3E}</UniqueIdentifier>
      <Extensions>qrc;*</Extensions>
      <ParseFiles>false</ParseFiles>
    </Filter>
  </ItemGroup>
  <ItemGroup>
    <ClCompile Include="CUploadWidget.cpp">
      <Filter>Source Files</Filter>
    </ClCompile>
    <ClCompile Include="main.cpp">
      <Filter>Source Files</Filter>
    </ClCompile>
    <ClCompile Include="GeneratedFiles\Debug\moc_CUploadWidget.cpp">
      <Filter>Generated Files\Debug</Filter>
    </ClCompile>
    <ClCompile Include="GeneratedFiles\Release\moc_CUploadWidget.cpp">
      <Filter>Generated Files\Release</Filter>
    </ClCompile>
    <ClCompile Include="CBrowserWidget.cpp">
      <Filter>Source Files</Filter>
    </ClCompile>
    <ClCompile Include="CSettingWidget.cpp">
      <Filter>Source Files</Filter>
    </ClCompile>
    <ClCompile Include="GeneratedFiles\Debug\moc_CBrowserWidget.cpp">
      <Filter>Generated Files\Debug</Filter>
    </ClCompile>
    <ClCompile Include="GeneratedFiles\Release\moc_CBrowserWidget.cpp">
      <Filter>Generated Files\Release</Filter>
    </ClCompile>
    <ClCompile Include="GeneratedFiles\Debug\moc_CSettingWidget.cpp">
      <Filter>Generated Files\Debug</Filter>
    </ClCompile>
    <ClCompile Include="GeneratedFiles\Release\moc_CSettingWidget.cpp">
      <Filter>Generated Files\Release</Filter>
    </ClCompile>
    <ClCompile Include="GeneratedFiles\qrc_ecloud.cpp">
      <Filter>Generated Files</Filter>
    </ClCompile>
  </ItemGroup>
  <ItemGroup>
    <CustomBuild Include="CUploadWidget.h">
      <Filter>Header Files</Filter>
    </CustomBuild>
    <CustomBuild Include="CBrowserWidget.h">
      <Filter>Header Files</Filter>
    </CustomBuild>
    <CustomBuild Include="CSettingWidget.h">
      <Filter>Header Files</Filter>
    </CustomBuild>
    <CustomBuild Include="..\..\src\mod\mod_boost.h">
      <Filter>MOD Files</Filter>
    </CustomBuild>
    <CustomBuild Include="..\..\src\mod\mod_email.h">
      <Filter>MOD Files</Filter>
    </CustomBuild>
    <CustomBuild Include="..\..\src\mod\mod_encrypt.h">
      <Filter>MOD Files</Filter>
    </CustomBuild>
    <CustomBuild Include="..\..\src\mod\mod_file.h">
      <Filter>MOD Files</Filter>
    </CustomBuild>
    <CustomBuild Include="..\..\src\mod\mod_image.h">
      <Filter>MOD Files</Filter>
    </CustomBuild>
    <CustomBuild Include="..\..\src\mod\mod_media.h">
      <Filter>MOD Files</Filter>
    </CustomBuild>
    <CustomBuild Include="..\..\src\mod\mod_meta.h">
      <Filter>MOD Files</Filter>
    </CustomBuild>
    <CustomBuild Include="..\..\src\mod\mod_p2p.h">
      <Filter>MOD Files</Filter>
    </CustomBuild>
    <CustomBuild Include="..\..\src\mod\mod_parallel.h">
      <Filter>MOD Files</Filter>
    </CustomBuild>
    <CustomBuild Include="..\..\src\mod\mod_pipe.h">
      <Filter>MOD Files</Filter>
    </CustomBuild>
    <CustomBuild Include="..\..\src\mod\mod_std.h">
      <Filter>MOD Files</Filter>
    </CustomBuild>
    <CustomBuild Include="..\..\src\mod\mod_text.h">
      <Filter>MOD Files</Filter>
    </CustomBuild>
    <CustomBuild Include="..\..\src\py\email_recv.py">
      <Filter>Python Files</Filter>
    </CustomBuild>
    <CustomBuild Include="..\..\src\py\email_send.py">
      <Filter>Python Files</Filter>
    </CustomBuild>
    <CustomBuild Include="..\..\src\py\email_stat.py">
      <Filter>Python Files</Filter>
    </CustomBuild>
    <CustomBuild Include="..\..\src\py\email_subject.py">
      <Filter>Python Files</Filter>
    </CustomBuild>
    <CustomBuild Include="..\..\src\py\hash_md5.py">
      <Filter>Python Files</Filter>
    </CustomBuild>
    <CustomBuild Include="ecloud.qrc">
      <Filter>RES Files</Filter>
    </CustomBuild>
  </ItemGroup>
  <ItemGroup>
    <ClInclude Include="resource.h">
      <Filter>Generated Files</Filter>
    </ClInclude>
  </ItemGroup>
  <ItemGroup>
    <Image Include="res\upbk.png">
      <Filter>Resource Files</Filter>
    </Image>
  </ItemGroup>
</Project>